
Microsoft Visual Studio Solution File, Format Version 12.00
# Visual Studio 15
VisualStudioVersion = 15.0.28010.2036
MinimumVisualStudioVersion = 10.0.40219.1
Project("{FAE04EC0-301F-11D3-BF4B-00C04F79EFBC}") = "FontExtractor", "FontExtractor\FontExtractor.csproj", "{7E8F3EF2-5472-4959-B2E1-97D51F950F3F}"
EndProject
Project("{FAE04EC0-301F-11D3-BF4B-00C04F79EFBC}") = "RasterGen", "RasterGen\RasterGen.csproj", "{F0AC92DA-68E4-4ECE-8A00-B42D53A2EE61}"
EndProject
Project("{FAE04EC0-301F-11D3-BF4B-00C04F79EFBC}") = "ImageAnalyser", "ImageAnalyser\ImageAnalyser.csproj", "{AB19116A-E81C-467C-A909-E42890C8CCA1}"
EndProject
Global
	GlobalSection(SolutionConfigurationPlatforms) = preSolution
		Debug|Any CPU = Debug|Any CPU
		Release|Any CPU = Release|Any CPU
	EndGlobalSection
	GlobalSection(ProjectConfigurationPlatforms) = postSolution
		{7E8F3EF2-5472-4959-B2E1-97D51F950F3F}.Debug|Any CPU.ActiveCfg = Debug|Any CPU
		{7E8F3EF2-5472-4959-B2E1-97D51F950F3F}.Debug|Any CPU.Build.0 = Debug|Any CPU
		{7E8F3EF2-5472-4959-B2E1-97D51F950F3F}.Release|Any CPU.ActiveCfg = Release|Any CPU
		{7E8F3EF2-5472-4959-B2E1-97D51F950F3F}.Release|Any CPU.Build.0 = Release|Any CPU
		{F0AC92DA-68E4-4ECE-8A00-B42D53A2EE61}.Debug|Any CPU.ActiveCfg = Debug|Any CPU
		{F0AC92DA-68E4-4ECE-8A00-B42D53A2EE61}.Debug|Any CPU.Build.0 = Debug|Any CPU
		{F0AC92DA-68E4-4ECE-8A00-B42D53A2EE61}.Release|Any CPU.ActiveCfg = Release|Any CPU
		{F0AC92DA-68E4-4ECE-8A00-B42D53A2EE61}.Release|Any CPU.Build.0 = Release|Any CPU
		{AB19116A-E81C-467C-A909-E42890C8CCA1}.Debug|Any CPU.ActiveCfg = Debug|Any CPU
		{AB19116A-E81C-467C-A909-E42890C8CCA1}.Debug|Any CPU.Build.0 = Debug|Any CPU
		{AB19116A-E81C-467C-A909-E42890C8CCA1}.Release|Any CPU.ActiveCfg = Release|Any CPU
		{AB19116A-E81C-467C-A909-E42890C8CCA1}.Release|Any CPU.Build.0 = Release|Any CPU
	EndGlobalSection
	GlobalSection(SolutionProperties) = preSolution
		HideSolutionNode = FALSE
	EndGlobalSection
	GlobalSection(ExtensibilityGlobals) = postSolution
		SolutionGuid = {0EDCD45C-EFEA-4F63-946C-ACDD3D175D5D}
	EndGlobalSection
EndGlobal
